#MicroXplorer Configuration settings - do not modify
ADC1.Channel-0\#ChannelRegularConversion=ADC_CHANNEL_0
ADC1.Channel-1\#ChannelRegularConversion=ADC_CHANNEL_1
ADC1.Channel-10\#ChannelRegularConversion=ADC_CHANNEL_12
ADC1.Channel-11\#ChannelRegularConversion=ADC_CHANNEL_13
ADC1.Channel-12\#ChannelRegularConversion=ADC_CHANNEL_14
ADC1.Channel-13\#ChannelRegularConversion=ADC_CHANNEL_15
ADC1.Channel-2\#ChannelRegularConversion=ADC_CHANNEL_2
ADC1.Channel-3\#ChannelRegularConversion=ADC_CHANNEL_3
ADC1.Channel-4\#ChannelRegularConversion=ADC_CHANNEL_6
ADC1.Channel-5\#ChannelRegularConversion=ADC_CHANNEL_7
ADC1.Channel-6\#ChannelRegularConversion=ADC_CHANNEL_8
ADC1.Channel-7\#ChannelRegularConversion=ADC_CHANNEL_9
ADC1.Channel-8\#ChannelRegularConversion=ADC_CHANNEL_10
ADC1.Channel-9\#ChannelRegularConversion=ADC_CHANNEL_11
ADC1.ContinuousConvMode=ENABLE
ADC1.DMAContinuousRequests=ENABLE
ADC1.DiscontinuousConvMode=DISABLE
ADC1.EOCSelection=ADC_EOC_SEQ_CONV
ADC1.ExternalTrigConv=ADC_EXTERNALTRIGCONV_T2_TRGO
ADC1.IPParameters=Rank-0\#ChannelRegularConversion,Channel-0\#ChannelRegularConversion,SamplingTime-0\#ChannelRegularConversion,NbrOfConversionFlag,master,ScanConvMode,ContinuousConvMode,DiscontinuousConvMode,DMAContinuousRequests,EOCSelection,Rank-1\#ChannelRegularConversion,Channel-1\#ChannelRegularConversion,SamplingTime-1\#ChannelRegularConversion,Rank-2\#ChannelRegularConversion,Channel-2\#ChannelRegularConversion,SamplingTime-2\#ChannelRegularConversion,Rank-3\#ChannelRegularConversion,Channel-3\#ChannelRegularConversion,SamplingTime-3\#ChannelRegularConversion,Rank-4\#ChannelRegularConversion,Channel-4\#ChannelRegularConversion,SamplingTime-4\#ChannelRegularConversion,Rank-5\#ChannelRegularConversion,Channel-5\#ChannelRegularConversion,SamplingTime-5\#ChannelRegularConversion,Rank-6\#ChannelRegularConversion,Channel-6\#ChannelRegularConversion,SamplingTime-6\#ChannelRegularConversion,Rank-7\#ChannelRegularConversion,Channel-7\#ChannelRegularConversion,SamplingTime-7\#ChannelRegularConversion,Rank-8\#ChannelRegularConversion,Channel-8\#ChannelRegularConversion,SamplingTime-8\#ChannelRegularConversion,Rank-9\#ChannelRegularConversion,Channel-9\#ChannelRegularConversion,SamplingTime-9\#ChannelRegularConversion,Rank-10\#ChannelRegularConversion,Channel-10\#ChannelRegularConversion,SamplingTime-10\#ChannelRegularConversion,Rank-11\#ChannelRegularConversion,Channel-11\#ChannelRegularConversion,SamplingTime-11\#ChannelRegularConversion,Rank-12\#ChannelRegularConversion,Channel-12\#ChannelRegularConversion,SamplingTime-12\#ChannelRegularConversion,Rank-13\#ChannelRegularConversion,Channel-13\#ChannelRegularConversion,SamplingTime-13\#ChannelRegularConversion,NbrOfConversion,ExternalTrigConv
ADC1.NbrOfConversion=14
ADC1.NbrOfConversionFlag=1
ADC1.Rank-0\#ChannelRegularConversion=1
ADC1.Rank-1\#ChannelRegularConversion=2
ADC1.Rank-10\#ChannelRegularConversion=11
ADC1.Rank-11\#ChannelRegularConversion=12
ADC1.Rank-12\#ChannelRegularConversion=13
ADC1.Rank-13\#ChannelRegularConversion=14
ADC1.Rank-2\#ChannelRegularConversion=3
ADC1.Rank-3\#ChannelRegularConversion=4
ADC1.Rank-4\#ChannelRegularConversion=5
ADC1.Rank-5\#ChannelRegularConversion=6
ADC1.Rank-6\#ChannelRegularConversion=7
ADC1.Rank-7\#ChannelRegularConversion=8
ADC1.Rank-8\#ChannelRegularConversion=9
ADC1.Rank-9\#ChannelRegularConversion=10
ADC1.SamplingTime-0\#ChannelRegularConversion=ADC_SAMPLETIME_480CYCLES
ADC1.SamplingTime-1\#ChannelRegularConversion=ADC_SAMPLETIME_480CYCLES
ADC1.SamplingTime-10\#ChannelRegularConversion=ADC_SAMPLETIME_480CYCLES
ADC1.SamplingTime-11\#ChannelRegularConversion=ADC_SAMPLETIME_480CYCLES
ADC1.SamplingTime-12\#ChannelRegularConversion=ADC_SAMPLETIME_480CYCLES
ADC1.SamplingTime-13\#ChannelRegularConversion=ADC_SAMPLETIME_480CYCLES
ADC1.SamplingTime-2\#ChannelRegularConversion=ADC_SAMPLETIME_480CYCLES
ADC1.SamplingTime-3\#ChannelRegularConversion=ADC_SAMPLETIME_480CYCLES
ADC1.SamplingTime-4\#ChannelRegularConversion=ADC_SAMPLETIME_480CYCLES
ADC1.SamplingTime-5\#ChannelRegularConversion=ADC_SAMPLETIME_480CYCLES
ADC1.SamplingTime-6\#ChannelRegularConversion=ADC_SAMPLETIME_480CYCLES
ADC1.SamplingTime-7\#ChannelRegularConversion=ADC_SAMPLETIME_480CYCLES
ADC1.SamplingTime-8\#ChannelRegularConversion=ADC_SAMPLETIME_480CYCLES
ADC1.SamplingTime-9\#ChannelRegularConversion=ADC_SAMPLETIME_480CYCLES
ADC1.ScanConvMode=ENABLE
ADC1.master=1
Dma.ADC1.0.Direction=DMA_PERIPH_TO_MEMORY
Dma.ADC1.0.FIFOMode=DMA_FIFOMODE_DISABLE
Dma.ADC1.0.Instance=DMA2_Stream0
Dma.ADC1.0.MemDataAlignment=DMA_MDATAALIGN_HALFWORD
Dma.ADC1.0.MemInc=DMA_MINC_ENABLE
Dma.ADC1.0.Mode=DMA_CIRCULAR
Dma.ADC1.0.PeriphDataAlignment=DMA_PDATAALIGN_HALFWORD
Dma.ADC1.0.PeriphInc=DMA_PINC_DISABLE
Dma.ADC1.0.Priority=DMA_PRIORITY_LOW
Dma.ADC1.0.RequestParameters=Instance,Direction,PeriphInc,MemInc,PeriphDataAlignment,MemDataAlignment,Mode,Priority,FIFOMode
Dma.Request0=ADC1
Dma.RequestsNb=1
File.Version=6
KeepUserPlacement=false
Mcu.Family=STM32F4
Mcu.IP0=ADC1
Mcu.IP1=DAC
Mcu.IP10=TIM5
Mcu.IP11=TIM8
Mcu.IP12=USART3
Mcu.IP13=USB_DEVICE
Mcu.IP14=USB_OTG_HS
Mcu.IP2=DMA
Mcu.IP3=NVIC
Mcu.IP4=RCC
Mcu.IP5=SYS
Mcu.IP6=TIM1
Mcu.IP7=TIM2
Mcu.IP8=TIM3
Mcu.IP9=TIM4
Mcu.IPNb=15
Mcu.Name=STM32F405RGTx
Mcu.Package=LQFP64
Mcu.Pin0=PC15-OSC32_OUT
Mcu.Pin1=PH0-OSC_IN
Mcu.Pin10=PA3
Mcu.Pin11=PA4
Mcu.Pin12=PA5
Mcu.Pin13=PA6
Mcu.Pin14=PA7
Mcu.Pin15=PC4
Mcu.Pin16=PC5
Mcu.Pin17=PB0
Mcu.Pin18=PB1
Mcu.Pin19=PB10
Mcu.Pin2=PH1-OSC_OUT
Mcu.Pin20=PB11
Mcu.Pin21=PB14
Mcu.Pin22=PB15
Mcu.Pin23=PC7
Mcu.Pin24=PC8
Mcu.Pin25=PC9
Mcu.Pin26=PA8
Mcu.Pin27=PA9
Mcu.Pin28=PA10
Mcu.Pin29=PA11
Mcu.Pin3=PC0
Mcu.Pin30=PA12
Mcu.Pin31=PA13
Mcu.Pin32=PA14
Mcu.Pin33=PA15
Mcu.Pin34=PC10
Mcu.Pin35=PC11
Mcu.Pin36=PC12
Mcu.Pin37=PD2
Mcu.Pin38=PB3
Mcu.Pin39=PB4
Mcu.Pin4=PC1
Mcu.Pin40=PB5
Mcu.Pin41=PB6
Mcu.Pin42=PB7
Mcu.Pin43=VP_SYS_VS_Systick
Mcu.Pin44=VP_TIM1_VS_ControllerModeTrigger
Mcu.Pin45=VP_TIM1_VS_ClockSourceINT
Mcu.Pin46=VP_TIM1_VS_ClockSourceITR
Mcu.Pin47=VP_TIM2_VS_ControllerModeTrigger
Mcu.Pin48=VP_TIM2_VS_ClockSourceINT
Mcu.Pin49=VP_TIM2_VS_ClockSourceITR
Mcu.Pin5=PC2
Mcu.Pin50=VP_TIM3_VS_ControllerModeTrigger
Mcu.Pin51=VP_TIM3_VS_ClockSourceINT
Mcu.Pin52=VP_TIM3_VS_ClockSourceITR
Mcu.Pin53=VP_TIM4_VS_ClockSourceINT
Mcu.Pin54=VP_TIM5_VS_ClockSourceINT
Mcu.Pin55=VP_TIM8_VS_ControllerModeTrigger
Mcu.Pin56=VP_TIM8_VS_ClockSourceINT
Mcu.Pin57=VP_TIM8_VS_ClockSourceITR
Mcu.Pin58=VP_USB_DEVICE_VS_USB_DEVICE_CDC_HS
Mcu.Pin6=PC3
Mcu.Pin7=PA0-WKUP
Mcu.Pin8=PA1
Mcu.Pin9=PA2
Mcu.PinsNb=59
Mcu.ThirdPartyNb=0
Mcu.UserConstants=
Mcu.UserName=STM32F405RGTx
MxCube.Version=4.27.0
MxDb.Version=DB.4.0.270
NVIC.BusFault_IRQn=true\:0\:0\:false\:false\:true\:false
NVIC.DMA2_Stream0_IRQn=true\:0\:0\:false\:false\:false\:false
NVIC.DebugMonitor_IRQn=true\:0\:0\:false\:false\:true\:false
NVIC.HardFault_IRQn=true\:0\:0\:false\:false\:true\:false
NVIC.MemoryManagement_IRQn=true\:0\:0\:false\:false\:true\:false
NVIC.NonMaskableInt_IRQn=true\:0\:0\:false\:false\:true\:false
NVIC.OTG_HS_IRQn=true\:0\:0\:false\:false\:true\:false
NVIC.PendSV_IRQn=true\:0\:0\:false\:false\:true\:false
NVIC.PriorityGroup=NVIC_PRIORITYGROUP_4
NVIC.SVCall_IRQn=true\:0\:0\:false\:false\:true\:false
NVIC.SysTick_IRQn=true\:10\:0\:true\:false\:true\:false
NVIC.TIM4_IRQn=true\:5\:0\:true\:false\:false\:true
NVIC.TIM5_IRQn=true\:15\:0\:true\:false\:false\:true
NVIC.USART3_IRQn=true\:14\:0\:true\:false\:false\:true
NVIC.UsageFault_IRQn=true\:0\:0\:false\:false\:true\:false
PA0-WKUP.Signal=ADCx_IN0
PA1.Signal=ADCx_IN1
PA10.Signal=S_TIM1_CH3
PA11.Signal=S_TIM1_CH4
PA12.GPIOParameters=GPIO_Label
PA12.GPIO_Label=E4_STOP
PA12.Locked=true
PA12.Signal=GPIO_Output
PA13.Mode=Serial_Wire
PA13.Signal=SYS_JTMS-SWDIO
PA14.Mode=Serial_Wire
PA14.Signal=SYS_JTCK-SWCLK
PA15.GPIOParameters=GPIO_Label
PA15.GPIO_Label=E2_STOP
PA15.Locked=true
PA15.Signal=GPIO_Output
PA2.Signal=ADCx_IN2
PA3.Signal=ADCx_IN3
PA4.Signal=COMP_DAC1_group
PA5.Signal=COMP_DAC2_group
PA6.Signal=ADCx_IN6
PA7.Signal=ADCx_IN7
PA8.Signal=S_TIM1_CH1
PA9.Signal=S_TIM1_CH2
PB0.Signal=ADCx_IN8
PB1.Signal=ADCx_IN9
PB10.Mode=Asynchronous
PB10.Signal=USART3_TX
PB11.Mode=Asynchronous
PB11.Signal=USART3_RX
PB14.Mode=Device_Only_FS
PB14.Signal=USB_OTG_HS_DM
PB15.Mode=Device_Only_FS
PB15.Signal=USB_OTG_HS_DP
PB3.GPIOParameters=GPIO_Label
PB3.GPIO_Label=Y_STOP
PB3.Locked=true
PB3.Signal=GPIO_Output
PB4.Locked=true
PB4.Signal=S_TIM3_CH1
PB5.Locked=true
PB5.Signal=S_TIM3_CH2
PB6.GPIOParameters=GPIO_Label
PB6.GPIO_Label=X2_STOP
PB6.Locked=true
PB6.Signal=GPIO_Output
PB7.GPIOParameters=GPIO_Label
PB7.GPIO_Label=X_STOP
PB7.Locked=true
PB7.Signal=GPIO_Output
PC0.Signal=ADCx_IN10
PC1.Signal=ADCx_IN11
PC10.GPIOParameters=GPIO_Label
PC10.GPIO_Label=E_STOP
PC10.Locked=true
PC10.Signal=GPIO_Output
PC11.GPIOParameters=GPIO_Label
PC11.GPIO_Label=Z2_STOP
PC11.Locked=true
PC11.Signal=GPIO_Output
PC12.GPIOParameters=GPIO_Label
PC12.GPIO_Label=Z_STOP
PC12.Locked=true
PC12.Signal=GPIO_Output
PC15-OSC32_OUT.GPIOParameters=GPIO_Label
PC15-OSC32_OUT.GPIO_Label=LED_ERR
PC15-OSC32_OUT.Locked=true
PC15-OSC32_OUT.Signal=GPIO_Output
PC2.Signal=ADCx_IN12
PC3.Signal=ADCx_IN13
PC4.Signal=ADCx_IN14
PC5.Signal=ADCx_IN15
PC7.Signal=S_TIM8_CH2
PC8.GPIOParameters=GPIO_Label
PC8.GPIO_Label=E3_STOP
PC8.Locked=true
PC8.Signal=GPIO_Output
PC9.Signal=S_TIM8_CH4
PCC.Checker=false
PCC.Line=STM32F405/415
PCC.MCU=STM32F405RGTx
PCC.PartNumber=STM32F405RGTx
PCC.Seq0=0
PCC.Series=STM32F4
PCC.Temperature=25
PCC.Vdd=3.3
PD2.GPIOParameters=GPIO_Label
PD2.GPIO_Label=Y2_STOP
PD2.Locked=true
PD2.Signal=GPIO_Output
PH0-OSC_IN.Mode=HSE-External-Oscillator
PH0-OSC_IN.Signal=RCC_OSC_IN
PH1-OSC_OUT.Mode=HSE-External-Oscillator
PH1-OSC_OUT.Signal=RCC_OSC_OUT
PinOutPanel.RotationAngle=0
ProjectManager.AskForMigrate=true
ProjectManager.BackupPrevious=false
ProjectManager.CompilerOptimize=6
ProjectManager.ComputerToolchain=false
ProjectManager.CoupleFile=false
ProjectManager.CustomerFirmwarePackage=
ProjectManager.DefaultFWLocation=true
ProjectManager.DeletePrevious=true
ProjectManager.DeviceId=STM32F405RGTx
ProjectManager.FirmwarePackage=STM32Cube FW_F4 V1.21.0
ProjectManager.FreePins=false
ProjectManager.HalAssertFull=true
ProjectManager.HeapSize=0x200
ProjectManager.KeepUserCode=true
ProjectManager.LastFirmware=true
ProjectManager.LibraryCopy=1
ProjectManager.MainLocation=Src
ProjectManager.NoMain=false
ProjectManager.PreviousToolchain=SW4STM32
ProjectManager.ProjectBuild=false
ProjectManager.ProjectFileName=firmware.ioc
ProjectManager.ProjectName=firmware
ProjectManager.StackSize=0x400
ProjectManager.TargetToolchain=SW4STM32
ProjectManager.ToolChainLocation=
ProjectManager.UnderRoot=true
ProjectManager.functionlistsort=1-MX_GPIO_Init-GPIO-false-HAL-true,2-MX_DMA_Init-DMA-false-HAL-true,3-SystemClock_Config-RCC-false-HAL-false,4-MX_USB_DEVICE_Init-USB_DEVICE-false-HAL-true,5-MX_TIM8_Init-TIM8-false-HAL-true,6-MX_TIM1_Init-TIM1-false-HAL-true,7-MX_TIM3_Init-TIM3-false-HAL-true,8-MX_DAC_Init-DAC-false-HAL-true,9-MX_USART3_UART_Init-USART3-false-HAL-true,10-MX_ADC1_Init-ADC1-false-HAL-true,11-MX_TIM2_Init-TIM2-false-HAL-true,12-MX_TIM4_Init-TIM4-false-HAL-true,13-MX_TIM5_Init-TIM5-false-HAL-true
RCC.48MHZClocksFreq_Value=48000000
RCC.AHBFreq_Value=168000000
RCC.APB1CLKDivider=RCC_HCLK_DIV4
RCC.APB1Freq_Value=42000000
RCC.APB1TimFreq_Value=84000000
RCC.APB2CLKDivider=RCC_HCLK_DIV2
RCC.APB2Freq_Value=84000000
RCC.APB2TimFreq_Value=168000000
RCC.CortexFreq_Value=168000000
RCC.EthernetFreq_Value=168000000
RCC.FCLKCortexFreq_Value=168000000
RCC.FamilyName=M
RCC.HCLKFreq_Value=168000000
RCC.HSE_VALUE=8000000
RCC.HSI_VALUE=16000000
RCC.I2SClocksFreq_Value=192000000
RCC.IPParameters=48MHZClocksFreq_Value,AHBFreq_Value,APB1CLKDivider,APB1Freq_Value,APB1TimFreq_Value,APB2CLKDivider,APB2Freq_Value,APB2TimFreq_Value,CortexFreq_Value,EthernetFreq_Value,FCLKCortexFreq_Value,FamilyName,HCLKFreq_Value,HSE_VALUE,HSI_VALUE,I2SClocksFreq_Value,LSE_VALUE,LSI_VALUE,MCO2PinFreq_Value,PLLCLKFreq_Value,PLLM,PLLN,PLLQ,PLLQCLKFreq_Value,RTCFreq_Value,RTCHSEDivFreq_Value,SYSCLKFreq_VALUE,SYSCLKSource,VCOI2SOutputFreq_Value,VCOInputFreq_Value,VCOOutputFreq_Value,VcooutputI2S
RCC.LSE_VALUE=32768
RCC.LSI_VALUE=32000
RCC.MCO2PinFreq_Value=168000000
RCC.PLLCLKFreq_Value=168000000
RCC.PLLM=4
RCC.PLLN=168
RCC.PLLQ=7
RCC.PLLQCLKFreq_Value=48000000
RCC.RTCFreq_Value=32000
RCC.RTCHSEDivFreq_Value=4000000
RCC.SYSCLKFreq_VALUE=168000000
RCC.SYSCLKSource=RCC_SYSCLKSOURCE_PLLCLK
RCC.VCOI2SOutputFreq_Value=384000000
RCC.VCOInputFreq_Value=2000000
RCC.VCOOutputFreq_Value=336000000
RCC.VcooutputI2S=192000000
SH.ADCx_IN0.0=ADC1_IN0,IN0
SH.ADCx_IN0.ConfNb=1
SH.ADCx_IN1.0=ADC1_IN1,IN1
SH.ADCx_IN1.ConfNb=1
SH.ADCx_IN10.0=ADC1_IN10,IN10
SH.ADCx_IN10.ConfNb=1
SH.ADCx_IN11.0=ADC1_IN11,IN11
SH.ADCx_IN11.ConfNb=1
SH.ADCx_IN12.0=ADC1_IN12,IN12
SH.ADCx_IN12.ConfNb=1
SH.ADCx_IN13.0=ADC1_IN13,IN13
SH.ADCx_IN13.ConfNb=1
SH.ADCx_IN14.0=ADC1_IN14,IN14
SH.ADCx_IN14.ConfNb=1
SH.ADCx_IN15.0=ADC1_IN15,IN15
SH.ADCx_IN15.ConfNb=1
SH.ADCx_IN2.0=ADC1_IN2,IN2
SH.ADCx_IN2.ConfNb=1
SH.ADCx_IN3.0=ADC1_IN3,IN3
SH.ADCx_IN3.ConfNb=1
SH.ADCx_IN6.0=ADC1_IN6,IN6
SH.ADCx_IN6.ConfNb=1
SH.ADCx_IN7.0=ADC1_IN7,IN7
SH.ADCx_IN7.ConfNb=1
SH.ADCx_IN8.0=ADC1_IN8,IN8
SH.ADCx_IN8.ConfNb=1
SH.ADCx_IN9.0=ADC1_IN9,IN9
SH.ADCx_IN9.ConfNb=1
SH.COMP_DAC1_group.0=DAC_OUT1,DAC_OUT1
SH.COMP_DAC1_group.ConfNb=1
SH.COMP_DAC2_group.0=DAC_OUT2,DAC_OUT2
SH.COMP_DAC2_group.ConfNb=1
SH.S_TIM1_CH1.0=TIM1_CH1,Input_Capture1_from_TI1
SH.S_TIM1_CH1.ConfNb=1
SH.S_TIM1_CH2.0=TIM1_CH2,Input_Capture2_from_TI2
SH.S_TIM1_CH2.ConfNb=1
SH.S_TIM1_CH3.0=TIM1_CH3,Input_Capture3_from_TI3
SH.S_TIM1_CH3.ConfNb=1
SH.S_TIM1_CH4.0=TIM1_CH4,Input_Capture4_from_TI4
SH.S_TIM1_CH4.ConfNb=1
SH.S_TIM3_CH1.0=TIM3_CH1,Input_Capture1_from_TI1
SH.S_TIM3_CH1.ConfNb=1
SH.S_TIM3_CH2.0=TIM3_CH2,Input_Capture2_from_TI2
SH.S_TIM3_CH2.ConfNb=1
SH.S_TIM8_CH2.0=TIM8_CH2,Input_Capture2_from_TI2
SH.S_TIM8_CH2.ConfNb=1
SH.S_TIM8_CH4.0=TIM8_CH4,Input_Capture4_from_TI4
SH.S_TIM8_CH4.ConfNb=1
TIM1.Channel-Input_Capture1_from_TI1=TIM_CHANNEL_1
TIM1.Channel-Input_Capture2_from_TI2=TIM_CHANNEL_2
TIM1.Channel-Input_Capture3_from_TI3=TIM_CHANNEL_3
TIM1.Channel-Input_Capture4_from_TI4=TIM_CHANNEL_4
TIM1.IPParameters=Channel-Input_Capture1_from_TI1,Channel-Input_Capture2_from_TI2,Channel-Input_Capture3_from_TI3,Channel-Input_Capture4_from_TI4
TIM3.Channel-Input_Capture1_from_TI1=TIM_CHANNEL_1
TIM3.Channel-Input_Capture2_from_TI2=TIM_CHANNEL_2
TIM3.IPParameters=Channel-Input_Capture1_from_TI1,Channel-Input_Capture2_from_TI2
TIM8.Channel-Input_Capture2_from_TI2=TIM_CHANNEL_2
TIM8.Channel-Input_Capture4_from_TI4=TIM_CHANNEL_4
TIM8.IPParameters=Channel-Input_Capture2_from_TI2,Channel-Input_Capture4_from_TI4
USART3.IPParameters=VirtualMode,Parity
USART3.Parity=PARITY_EVEN
USART3.VirtualMode=VM_ASYNC
USB_DEVICE.CLASS_NAME_HS=CDC
USB_DEVICE.IPParameters=VirtualMode-CDC_HS,VirtualModeHS,CLASS_NAME_HS,SERIALNUMBER_STRING_CDC_HS
USB_DEVICE.SERIALNUMBER_STRING_CDC_HS=C3D00000001A
USB_DEVICE.VirtualMode-CDC_HS=Cdc
USB_DEVICE.VirtualModeHS=Cdc_HS
USB_OTG_HS.IPParameters=VirtualMode-Device_Only_FS
USB_OTG_HS.VirtualMode-Device_Only_FS=Device_Only_FS
VP_SYS_VS_Systick.Mode=SysTick
VP_SYS_VS_Systick.Signal=SYS_VS_Systick
VP_TIM1_VS_ClockSourceINT.Mode=Internal
VP_TIM1_VS_ClockSourceINT.Signal=TIM1_VS_ClockSourceINT
VP_TIM1_VS_ClockSourceITR.Mode=TriggerSource_ITR3
VP_TIM1_VS_ClockSourceITR.Signal=TIM1_VS_ClockSourceITR
VP_TIM1_VS_ControllerModeTrigger.Mode=Trigger Mode
VP_TIM1_VS_ControllerModeTrigger.Signal=TIM1_VS_ControllerModeTrigger
VP_TIM2_VS_ClockSourceINT.Mode=Internal
VP_TIM2_VS_ClockSourceINT.Signal=TIM2_VS_ClockSourceINT
VP_TIM2_VS_ClockSourceITR.Mode=TriggerSource_ITR3
VP_TIM2_VS_ClockSourceITR.Signal=TIM2_VS_ClockSourceITR
VP_TIM2_VS_ControllerModeTrigger.Mode=Trigger Mode
VP_TIM2_VS_ControllerModeTrigger.Signal=TIM2_VS_ControllerModeTrigger
VP_TIM3_VS_ClockSourceINT.Mode=Internal
VP_TIM3_VS_ClockSourceINT.Signal=TIM3_VS_ClockSourceINT
VP_TIM3_VS_ClockSourceITR.Mode=TriggerSource_ITR3
VP_TIM3_VS_ClockSourceITR.Signal=TIM3_VS_ClockSourceITR
VP_TIM3_VS_ControllerModeTrigger.Mode=Trigger Mode
VP_TIM3_VS_ControllerModeTrigger.Signal=TIM3_VS_ControllerModeTrigger
VP_TIM4_VS_ClockSourceINT.Mode=Internal
VP_TIM4_VS_ClockSourceINT.Signal=TIM4_VS_ClockSourceINT
VP_TIM5_VS_ClockSourceINT.Mode=Internal
VP_TIM5_VS_ClockSourceINT.Signal=TIM5_VS_ClockSourceINT
VP_TIM8_VS_ClockSourceINT.Mode=Internal
VP_TIM8_VS_ClockSourceINT.Signal=TIM8_VS_ClockSourceINT
VP_TIM8_VS_ClockSourceITR.Mode=TriggerSource_ITR3
VP_TIM8_VS_ClockSourceITR.Signal=TIM8_VS_ClockSourceITR
VP_TIM8_VS_ControllerModeTrigger.Mode=Trigger Mode
VP_TIM8_VS_ControllerModeTrigger.Signal=TIM8_VS_ControllerModeTrigger
VP_USB_DEVICE_VS_USB_DEVICE_CDC_HS.Mode=CDC_HS
VP_USB_DEVICE_VS_USB_DEVICE_CDC_HS.Signal=USB_DEVICE_VS_USB_DEVICE_CDC_HS
board=custom
